
Microsoft Visual Studio Solution File, Format Version 12.00
# Visual Studio 2013
VisualStudioVersion = 12.0.21005.1
MinimumVisualStudioVersion = 10.0.40219.1
Project("{FAE04EC0-301F-11D3-BF4B-00C04F79EFBC}") = "DataAccess", "DataAccess\DataAccess.csproj", "{692C208B-F2FE-43BB-BA2E-84968CAC9EC8}"
EndProject
Project("{FAE04EC0-301F-11D3-BF4B-00C04F79EFBC}") = "Component", "Component\Component.csproj", "{13AD941A-7060-48D7-BCAB-8B9DEADC926B}"
EndProject
Project("{FAE04EC0-301F-11D3-BF4B-00C04F79EFBC}") = "FlatClub", "FlatClub\FlatClub.csproj", "{C228C342-D377-4DF7-8766-9EB04D0A5F67}"
EndProject
Project("{FAE04EC0-301F-11D3-BF4B-00C04F79EFBC}") = "Component.Test", "Component.Test\Component.Test.csproj", "{AD2B1D45-F838-4201-B9EA-D45024D8AFF0}"
EndProject
Project("{FAE04EC0-301F-11D3-BF4B-00C04F79EFBC}") = "Utilities", "Utilities\Utilities.csproj", "{903F9A9B-867E-418B-B7D2-A15903AA5362}"
EndProject
Global
	GlobalSection(SolutionConfigurationPlatforms) = preSolution
		Debug|Any CPU = Debug|Any CPU
		Release|Any CPU = Release|Any CPU
	EndGlobalSection
	GlobalSection(ProjectConfigurationPlatforms) = postSolution
		{692C208B-F2FE-43BB-BA2E-84968CAC9EC8}.Debug|Any CPU.ActiveCfg = Debug|Any CPU
		{692C208B-F2FE-43BB-BA2E-84968CAC9EC8}.Debug|Any CPU.Build.0 = Debug|Any CPU
		{692C208B-F2FE-43BB-BA2E-84968CAC9EC8}.Release|Any CPU.ActiveCfg = Release|Any CPU
		{692C208B-F2FE-43BB-BA2E-84968CAC9EC8}.Release|Any CPU.Build.0 = Release|Any CPU
		{13AD941A-7060-48D7-BCAB-8B9DEADC926B}.Debug|Any CPU.ActiveCfg = Debug|Any CPU
		{13AD941A-7060-48D7-BCAB-8B9DEADC926B}.Debug|Any CPU.Build.0 = Debug|Any CPU
		{13AD941A-7060-48D7-BCAB-8B9DEADC926B}.Release|Any CPU.ActiveCfg = Release|Any CPU
		{13AD941A-7060-48D7-BCAB-8B9DEADC926B}.Release|Any CPU.Build.0 = Release|Any CPU
		{C228C342-D377-4DF7-8766-9EB04D0A5F67}.Debug|Any CPU.ActiveCfg = Debug|Any CPU
		{C228C342-D377-4DF7-8766-9EB04D0A5F67}.Debug|Any CPU.Build.0 = Debug|Any CPU
		{C228C342-D377-4DF7-8766-9EB04D0A5F67}.Release|Any CPU.ActiveCfg = Release|Any CPU
		{C228C342-D377-4DF7-8766-9EB04D0A5F67}.Release|Any CPU.Build.0 = Release|Any CPU
		{AD2B1D45-F838-4201-B9EA-D45024D8AFF0}.Debug|Any CPU.ActiveCfg = Debug|Any CPU
		{AD2B1D45-F838-4201-B9EA-D45024D8AFF0}.Debug|Any CPU.Build.0 = Debug|Any CPU
		{AD2B1D45-F838-4201-B9EA-D45024D8AFF0}.Release|Any CPU.ActiveCfg = Release|Any CPU
		{AD2B1D45-F838-4201-B9EA-D45024D8AFF0}.Release|Any CPU.Build.0 = Release|Any CPU
		{903F9A9B-867E-418B-B7D2-A15903AA5362}.Debug|Any CPU.ActiveCfg = Debug|Any CPU
		{903F9A9B-867E-418B-B7D2-A15903AA5362}.Debug|Any CPU.Build.0 = Debug|Any CPU
		{903F9A9B-867E-418B-B7D2-A15903AA5362}.Release|Any CPU.ActiveCfg = Release|Any CPU
		{903F9A9B-867E-418B-B7D2-A15903AA5362}.Release|Any CPU.Build.0 = Release|Any CPU
	EndGlobalSection
	GlobalSection(SolutionProperties) = preSolution
		HideSolutionNode = FALSE
	EndGlobalSection
EndGlobal
